// !$*UTF8*$!
{
	archiveVersion = 1;
	classes = {
	};
	objectVersion = 110;
	objects = {

/* Begin PBXContainerItemProxy section */
		093B18A6306769B700E1188D /* PBXContainerItemProxy */ = {
			isa = PBXContainerItemProxy;
			containerPortal = 093B1890306769B600E1188D /* Project object */;
			proxyType = 1;
			remoteGlobalIDString = 093B1897306769B600E1188D;
			remoteInfo = MusicStore;
		};
		093B18B0306769B700E1188D /* PBXContainerItemProxy */ = {
			isa = PBXContainerItemProxy;
			containerPortal = 093B1890306769B600E1188D /* Project object */;
			proxyType = 1;
			remoteGlobalIDString = 093B1897306769B600E1188D;
			remoteInfo = MusicStore;
		};
/* End PBXContainerItemProxy section */

/* Begin PBXFileReference section */
		093B1898306769B600E1188D /* MusicStore.app */ = {isa = PBXFileReference; explicitFileType = wrapper.application; includeInIndex = 0; path = MusicStore.app; sourceTree = BUILT_PRODUCTS_DIR; };
		093B18A5306769B700E1188D /* MusicStoreTests.xctest */ = {isa = PBXFileReference; explicitFileType = wrapper.cfbundle; includeInIndex = 0; path = MusicStoreTests.xctest; sourceTree = BUILT_PRODUCTS_DIR; };
		093B18AF306769B700E1188D /* MusicStoreUITests.xctest */ = {isa = PBXFileReference; explicitFileType = wrapper.cfbundle; includeInIndex = 0; path = MusicStoreUITests.xctest; sourceTree = BUILT_PRODUCTS_DIR; };
/* End PBXFileReference section */

/* Begin PBXFileSystemSynchronizedRootGroup section */
		093B189A306769B600E1188D /* MusicStore */ = {
			isa = PBXFileSystemSynchronizedRootGroup;
			path = MusicStore;
			sourceTree = "<group>";
		};
		093B18A8306769B700E1188D /* MusicStoreTests */ = {
			isa = PBXFileSystemSynchronizedRootGroup;
			path = MusicStoreTests;
			sourceTree = "<group>";
		};
		093B18B2306769B700E1188D /* MusicStoreUITests */ = {
			isa = PBXFileSystemSynchronizedRootGroup;
			path = MusicStoreUITests;
			sourceTree = "<group>";
		};
/* End PBXFileSystemSynchronizedRootGroup section */

/* Begin PBXFrameworksBuildPhase section */
		093B1895306769B600E1188D /* Frameworks */ = {
			isa = PBXFrameworksBuildPhase;
			files = (
			);
		};
		093B18A2306769B700E1188D /* Frameworks */ = {
			isa = PBXFrameworksBuildPhase;
			files = (
			);
		};
		093B18AC306769B700E1188D /* Frameworks */ = {
			isa = PBXFrameworksBuildPhase;
			files = (
			);
		};
/* End PBXFrameworksBuildPhase section */

/* Begin PBXGroup section */
		093B188F306769B600E1188D = {
			isa = PBXGroup;
			children = (
				093B189A306769B600E1188D /* MusicStore */,
				093B18A8306769B700E1188D /* MusicStoreTests */,
				093B18B2306769B700E1188D /* MusicStoreUITests */,
				093B1899306769B600E1188D /* Products */,
			);
			sourceTree = "<group>";
		};
		093B1899306769B600E1188D /* Products */ = {
			isa = PBXGroup;
			children = (
				093B1898306769B600E1188D /* MusicStore.app */,
				093B18A5306769B700E1188D /* MusicStoreTests.xctest */,
				093B18AF306769B700E1188D /* MusicStoreUITests.xctest */,
			);
			name = Products;
			sourceTree = "<group>";
		};
/* End PBXGroup section */

/* Begin PBXNativeTarget section */
		093B1897306769B600E1188D /* MusicStore */ = {
			isa = PBXNativeTarget;
			buildConfigurationList = 093B18B7306769B700E1188D /* Build configuration list for PBXNativeTarget "MusicStore" */;
			buildPhases = (
				093B1894306769B600E1188D /* Sources */,
				093B1895306769B600E1188D /* Frameworks */,
				093B1896306769B600E1188D /* Resources */,
			);
			buildRules = (
			);
			fileSystemSynchronizedGroups = (
				093B189A306769B600E1188D /* MusicStore */,
			);
			name = MusicStore;
			productName = MusicStore;
			productReference = 093B1898306769B600E1188D /* MusicStore.app */;
			productType = "com.apple.product-type.application";
		};
		093B18A4306769B700E1188D /* MusicStoreTests */ = {
			isa = PBXNativeTarget;
			buildConfigurationList = 093B18BA306769B700E1188D /* Build configuration list for PBXNativeTarget "MusicStoreTests" */;
			buildPhases = (
				093B18A1306769B700E1188D /* Sources */,
				093B18A2306769B700E1188D /* Frameworks */,
				093B18A3306769B700E1188D /* Resources */,
			);
			buildRules = (
			);
			dependencies = (
				093B18A7306769B700E1188D /* PBXTargetDependency */,
			);
			fileSystemSynchronizedGroups = (
				093B18A8306769B700E1188D /* MusicStoreTests */,
			);
			name = MusicStoreTests;
			productName = MusicStoreTests;
			productReference = 093B18A5306769B700E1188D /* MusicStoreTests.xctest */;
			productType = "com.apple.product-type.bundle.unit-test";
		};
		093B18AE306769B700E1188D /* MusicStoreUITests */ = {
			isa = PBXNativeTarget;
			buildConfigurationList = 093B18BD306769B700E1188D /* Build configuration list for PBXNativeTarget "MusicStoreUITests" */;
			buildPhases = (
				093B18AB306769B700E1188D /* Sources */,
				093B18AC306769B700E1188D /* Frameworks */,
				093B18AD306769B700E1188D /* Resources */,
			);
			buildRules = (
			);
			dependencies = (
				093B18B1306769B700E1188D /* PBXTargetDependency */,
			);
			fileSystemSynchronizedGroups = (
				093B18B2306769B700E1188D /* MusicStoreUITests */,
			);
			name = MusicStoreUITests;
			productName = MusicStoreUITests;
			productReference = 093B18AF306769B700E1188D /* MusicStoreUITests.xctest */;
			productType = "com.apple.product-type.bundle.ui-testing";
		};
/* End PBXNativeTarget section */

/* Begin PBXProject section */
		093B1890306769B600E1188D /* Project object */ = {
			isa = PBXProject;
			attributes = {
				BuildIndependentTargetsInParallel = 1;
				LastSwiftUpdateCheck = 2700;
				LastUpgradeCheck = 2700;
				TargetAttributes = {
					093B1897306769B600E1188D = {
						CreatedOnToolsVersion = 27.0;
					};
					093B18A4306769B700E1188D = {
						CreatedOnToolsVersion = 27.0;
						TestTargetID = 093B1897306769B600E1188D;
					};
					093B18AE306769B700E1188D = {
						CreatedOnToolsVersion = 27.0;
						TestTargetID = 093B1897306769B600E1188D;
					};
				};
			};
			buildConfigurationList = 093B1893306769B600E1188D /* Build configuration list for PBXProject "MusicStore" */;
			developmentRegion = en;
			hasScannedForEncodings = 0;
			knownRegions = (
				en,
				Base,
			);
			mainGroup = 093B188F306769B600E1188D;
			minimizedProjectReferenceProxies = 1;
			preferredProjectObjectVersion = 77;
			productRefGroup = 093B1899306769B600E1188D /* Products */;
			projectDirPath = "";
			projectRoot = "";
			targets = (
				093B1897306769B600E1188D /* MusicStore */,
				093B18A4306769B700E1188D /* MusicStoreTests */,
				093B18AE306769B700E1188D /* MusicStoreUITests */,
			);
		};
/* End PBXProject section */

/* Begin PBXResourcesBuildPhase section */
		093B1896306769B600E1188D /* Resources */ = {
			isa = PBXResourcesBuildPhase;
			files = (
			);
		};
		093B18A3306769B700E1188D /* Resources */ = {
			isa = PBXResourcesBuildPhase;
			files = (
			);
		};
		093B18AD306769B700E1188D /* Resources */ = {
			isa = PBXResourcesBuildPhase;
			files = (
			);
		};
/* End PBXResourcesBuildPhase section */

/* Begin PBXSourcesBuildPhase section */
		093B1894306769B600E1188D /* Sources */ = {
			isa = PBXSourcesBuildPhase;
			files = (
			);
		};
		093B18A1306769B700E1188D /* Sources */ = {
			isa = PBXSourcesBuildPhase;
			files = (
			);
		};
		093B18AB306769B700E1188D /* Sources */ = {
			isa = PBXSourcesBuildPhase;
			files = (
			);
		};
/* End PBXSourcesBuildPhase section */

/* Begin PBXTargetDependency section */
		093B18A7306769B700E1188D /* PBXTargetDependency */ = {
			isa = PBXTargetDependency;
			target = 093B1897306769B600E1188D /* MusicStore */;
			targetProxy = 093B18A6306769B700E1188D /* PBXContainerItemProxy */;
		};
		093B18B1306769B700E1188D /* PBXTargetDependency */ = {
			isa = PBXTargetDependency;
			target = 093B1897306769B600E1188D /* MusicStore */;
			targetProxy = 093B18B0306769B700E1188D /* PBXContainerItemProxy */;
		};
/* End PBXTargetDependency section */

/* Begin XCBuildConfiguration section */
		093B18B5306769B700E1188D /* Debug configuration for PBXProject "MusicStore" */ = {
			isa = XCBuildConfiguration;
			buildSettings = {
				ALWAYS_SEARCH_USER_PATHS = NO;
				ASSETCATALOG_COMPILER_GENERATE_SWIFT_ASSET_SYMBOL_EXTENSIONS = YES;
				CLANG_ANALYZER_NONNULL = YES;
				CLANG_ANALYZER_NUMBER_OBJECT_CONVERSION = YES_AGGRESSIVE;
				CLANG_CXX_LANGUAGE_STANDARD = "gnu++20";
				CLANG_ENABLE_MODULES = YES;
				CLANG_ENABLE_OBJC_ARC = YES;
				CLANG_ENABLE_OBJC_WEAK = YES;
				CLANG_WARN_BLOCK_CAPTURE_AUTORELEASING = YES;
				CLANG_WARN_BOOL_CONVERSION = YES;
				CLANG_WARN_COMMA = YES;
				CLANG_WARN_CONSTANT_CONVERSION = YES;
				CLANG_WARN_DEPRECATED_OBJC_IMPLEMENTATIONS = YES;
				CLANG_WARN_DIRECT_OBJC_ISA_USAGE = YES_ERROR;
				CLANG_WARN_DOCUMENTATION_COMMENTS = YES;
				CLANG_WARN_EMPTY_BODY = YES;
				CLANG_WARN_ENUM_CONVERSION = YES;
				CLANG_WARN_INFINITE_RECURSION = YES;
				CLANG_WARN_INT_CONVERSION = YES;
				CLANG_WARN_NON_LITERAL_NULL_CONVERSION = YES;
				CLANG_WARN_OBJC_IMPLICIT_RETAIN_SELF = YES;
				CLANG_WARN_OBJC_LITERAL_CONVERSION = YES;
				CLANG_WARN_OBJC_ROOT_CLASS = YES_ERROR;
				CLANG_WARN_QUOTED_INCLUDE_IN_FRAMEWORK_HEADER = YES;
				CLANG_WARN_RANGE_LOOP_ANALYSIS = YES;
				CLANG_WARN_STRICT_PROTOTYPES = YES;
				CLANG_WARN_SUSPICIOUS_MOVE = YES;
				CLANG_WARN_UNGUARDED_AVAILABILITY = YES_AGGRESSIVE;
				CLANG_WARN_UNREACHABLE_CODE = YES;
				CLANG_WARN__DUPLICATE_METHOD_MATCH = YES;
				COPY_PHASE_STRIP = NO;
				DEBUG_INFORMATION_FORMAT = dwarf;
				DEVELOPMENT_TEAM = N6535K565H;
				ENABLE_STRICT_OBJC_MSGSEND = YES;
				ENABLE_TESTABILITY = YES;
				ENABLE_USER_SCRIPT_SANDBOXING = YES;
				GCC_C_LANGUAGE_STANDARD = gnu17;
				GCC_DYNAMIC_NO_PIC = NO;
				GCC_NO_COMMON_BLOCKS = YES;
				GCC_OPTIMIZATION_LEVEL = 0;
				GCC_PREPROCESSOR_DEFINITIONS = (
					"DEBUG=1",
					"$(inherited)",
				);
				GCC_WARN_64_TO_32_BIT_CONVERSION = YES;
				GCC_WARN_ABOUT_RETURN_TYPE = YES_ERROR;
				GCC_WARN_UNDECLARED_SELECTOR = YES;
				GCC_WARN_UNINITIALIZED_AUTOS = YES_AGGRESSIVE;
				GCC_WARN_UNUSED_FUNCTION = YES;
				GCC_WARN_UNUSED_VARIABLE = YES;
				IPHONEOS_DEPLOYMENT_TARGET = 27.0;
				LOCALIZATION_PREFERS_STRING_CATALOGS = YES;
				MTL_ENABLE_DEBUG_INFO = INCLUDE_SOURCE;
				MTL_FAST_MATH = YES;
				ONLY_ACTIVE_ARCH = YES;
				SDKROOT = iphoneos;
				SWIFT_ACTIVE_COMPILATION_CONDITIONS = "DEBUG $(inherited)";
				SWIFT_OPTIMIZATION_LEVEL = "-Onone";
			};
			name = Debug;
		};
		093B18B6306769B700E1188D /* Release configuration for PBXProject "MusicStore" */ = {
			isa = XCBuildConfiguration;
			buildSettings = {
				ALWAYS_SEARCH_USER_PATHS = NO;
				ASSETCATALOG_COMPILER_GENERATE_SWIFT_ASSET_SYMBOL_EXTENSIONS = YES;
				CLANG_ANALYZER_NONNULL = YES;
				CLANG_ANALYZER_NUMBER_OBJECT_CONVERSION = YES_AGGRESSIVE;
				CLANG_CXX_LANGUAGE_STANDARD = "gnu++20";
				CLANG_ENABLE_MODULES = YES;
				CLANG_ENABLE_OBJC_ARC = YES;
				CLANG_ENABLE_OBJC_WEAK = YES;
				CLANG_WARN_BLOCK_CAPTURE_AUTORELEASING = YES;
				CLANG_WARN_BOOL_CONVERSION = YES;
				CLANG_WARN_COMMA = YES;
				CLANG_WARN_CONSTANT_CONVERSION = YES;
				CLANG_WARN_DEPRECATED_OBJC_IMPLEMENTATIONS = YES;
				CLANG_WARN_DIRECT_OBJC_ISA_USAGE = YES_ERROR;
				CLANG_WARN_DOCUMENTATION_COMMENTS = YES;
				CLANG_WARN_EMPTY_BODY = YES;
				CLANG_WARN_ENUM_CONVERSION = YES;
				CLANG_WARN_INFINITE_RECURSION = YES;
				CLANG_WARN_INT_CONVERSION = YES;
				CLANG_WARN_NON_LITERAL_NULL_CONVERSION = YES;
				CLANG_WARN_OBJC_IMPLICIT_RETAIN_SELF = YES;
				CLANG_WARN_OBJC_LITERAL_CONVERSION = YES;
				CLANG_WARN_OBJC_ROOT_CLASS = YES_ERROR;
				CLANG_WARN_QUOTED_INCLUDE_IN_FRAMEWORK_HEADER = YES;
				CLANG_WARN_RANGE_LOOP_ANALYSIS = YES;
				CLANG_WARN_STRICT_PROTOTYPES = YES;
				CLANG_WARN_SUSPICIOUS_MOVE = YES;
				CLANG_WARN_UNGUARDED_AVAILABILITY = YES_AGGRESSIVE;
				CLANG_WARN_UNREACHABLE_CODE = YES;
				CLANG_WARN__DUPLICATE_METHOD_MATCH = YES;
				COPY_PHASE_STRIP = NO;
				DEBUG_INFORMATION_FORMAT = "dwarf-with-dsym";
				DEVELOPMENT_TEAM = N6535K565H;
				ENABLE_NS_ASSERTIONS = NO;
				ENABLE_STRICT_OBJC_MSGSEND = YES;
				ENABLE_USER_SCRIPT_SANDBOXING = YES;
				GCC_C_LANGUAGE_STANDARD = gnu17;
				GCC_NO_COMMON_BLOCKS = YES;
				GCC_WARN_64_TO_32_BIT_CONVERSION = YES;
				GCC_WARN_ABOUT_RETURN_TYPE = YES_ERROR;
				GCC_WARN_UNDECLARED_SELECTOR = YES;
				GCC_WARN_UNINITIALIZED_AUTOS = YES_AGGRESSIVE;
				GCC_WARN_UNUSED_FUNCTION = YES;
				GCC_WARN_UNUSED_VARIABLE = YES;
				IPHONEOS_DEPLOYMENT_TARGET = 27.0;
				LOCALIZATION_PREFERS_STRING_CATALOGS = YES;
				MTL_ENABLE_DEBUG_INFO = NO;
				MTL_FAST_MATH = YES;
				SDKROOT = iphoneos;
				SWIFT_COMPILATION_MODE = wholemodule;
				VALIDATE_PRODUCT = YES;
			};
			name = Release;
		};
		093B18B8306769B700E1188D /* Debug configuration for PBXNativeTarget "MusicStore" */ = {
			isa = XCBuildConfiguration;
			buildSettings = {
				ASSETCATALOG_COMPILER_APPICON_NAME = AppIcon;
				ASSETCATALOG_COMPILER_GLOBAL_ACCENT_COLOR_NAME = AccentColor;
				CODE_SIGN_STYLE = Automatic;
				CURRENT_PROJECT_VERSION = 1;
				DEVELOPMENT_TEAM = N6535K565H;
				ENABLE_PREVIEWS = YES;
				GENERATE_INFOPLIST_FILE = YES;
				INFOPLIST_KEY_UIApplicationSceneManifest_Generation = YES;
				INFOPLIST_KEY_UIApplicationSupportsIndirectInputEvents = YES;
				INFOPLIST_KEY_UILaunchScreen_Generation = YES;
				INFOPLIST_KEY_UISupportedInterfaceOrientations_iPad = "UIInterfaceOrientationPortrait UIInterfaceOrientationPortraitUpsideDown UIInterfaceOrientationLandscapeLeft UIInterfaceOrientationLandscapeRight";
				INFOPLIST_KEY_UISupportedInterfaceOrientations_iPhone = "UIInterfaceOrientationPortrait UIInterfaceOrientationLandscapeLeft UIInterfaceOrientationLandscapeRight";
				LD_RUNPATH_SEARCH_PATHS = (
					"$(inherited)",
					"@executable_path/Frameworks",
				);
				MARKETING_VERSION = 1.0;
				PRODUCT_BUNDLE_IDENTIFIER = mrizkiandika.my.id.MusicStore;
				PRODUCT_NAME = "$(TARGET_NAME)";
				STRING_CATALOG_GENERATE_SYMBOLS = YES;
				SWIFT_APPROACHABLE_CONCURRENCY = YES;
				SWIFT_DEFAULT_ACTOR_ISOLATION = MainActor;
				SWIFT_EMIT_LOC_STRINGS = YES;
				SWIFT_UPCOMING_FEATURE_MEMBER_IMPORT_VISIBILITY = YES;
				SWIFT_VERSION = 5.0;
				TARGETED_DEVICE_FAMILY = "1,2";
			};
			name = Debug;
		};
		093B18B9306769B700E1188D /* Release configuration for PBXNativeTarget "MusicStore" */ = {
			isa = XCBuildConfiguration;
			buildSettings = {
				ASSETCATALOG_COMPILER_APPICON_NAME = AppIcon;
				ASSETCATALOG_COMPILER_GLOBAL_ACCENT_COLOR_NAME = AccentColor;
				CODE_SIGN_STYLE = Automatic;
				CURRENT_PROJECT_VERSION = 1;
				DEVELOPMENT_TEAM = N6535K565H;
				ENABLE_PREVIEWS = YES;
				GENERATE_INFOPLIST_FILE = YES;
				INFOPLIST_KEY_UIApplicationSceneManifest_Generation = YES;
				INFOPLIST_KEY_UIApplicationSupportsIndirectInputEvents = YES;
				INFOPLIST_KEY_UILaunchScreen_Generation = YES;
				INFOPLIST_KEY_UISupportedInterfaceOrientations_iPad = "UIInterfaceOrientationPortrait UIInterfaceOrientationPortraitUpsideDown UIInterfaceOrientationLandscapeLeft UIInterfaceOrientationLandscapeRight";
				INFOPLIST_KEY_UISupportedInterfaceOrientations_iPhone = "UIInterfaceOrientationPortrait UIInterfaceOrientationLandscapeLeft UIInterfaceOrientationLandscapeRight";
				LD_RUNPATH_SEARCH_PATHS = (
					"$(inherited)",
					"@executable_path/Frameworks",
				);
				MARKETING_VERSION = 1.0;
				PRODUCT_BUNDLE_IDENTIFIER = mrizkiandika.my.id.MusicStore;
				PRODUCT_NAME = "$(TARGET_NAME)";
				STRING_CATALOG_GENERATE_SYMBOLS = YES;
				SWIFT_APPROACHABLE_CONCURRENCY = YES;
				SWIFT_DEFAULT_ACTOR_ISOLATION = MainActor;
				SWIFT_EMIT_LOC_STRINGS = YES;
				SWIFT_UPCOMING_FEATURE_MEMBER_IMPORT_VISIBILITY = YES;
				SWIFT_VERSION = 5.0;
				TARGETED_DEVICE_FAMILY = "1,2";
			};
			name = Release;
		};
		093B18BB306769B700E1188D /* Debug configuration for PBXNativeTarget "MusicStoreTests" */ = {
			isa = XCBuildConfiguration;
			buildSettings = {
				BUNDLE_LOADER = "$(TEST_HOST)";
				CODE_SIGN_STYLE = Automatic;
				CURRENT_PROJECT_VERSION = 1;
				DEVELOPMENT_TEAM = N6535K565H;
				GENERATE_INFOPLIST_FILE = YES;
				IPHONEOS_DEPLOYMENT_TARGET = 27.0;
				MARKETING_VERSION = 1.0;
				PRODUCT_BUNDLE_IDENTIFIER = mrizkiandika.my.id.MusicStoreTests;
				PRODUCT_NAME = "$(TARGET_NAME)";
				STRING_CATALOG_GENERATE_SYMBOLS = NO;
				SWIFT_APPROACHABLE_CONCURRENCY = YES;
				SWIFT_EMIT_LOC_STRINGS = NO;
				SWIFT_UPCOMING_FEATURE_MEMBER_IMPORT_VISIBILITY = YES;
				SWIFT_VERSION = 5.0;
				TARGETED_DEVICE_FAMILY = "1,2";
				TEST_HOST = "$(BUILT_PRODUCTS_DIR)/MusicStore.app/$(BUNDLE_EXECUTABLE_FOLDER_PATH)/MusicStore";
			};
			name = Debug;
		};
		093B18BC306769B700E1188D /* Release configuration for PBXNativeTarget "MusicStoreTests" */ = {
			isa = XCBuildConfiguration;
			buildSettings = {
				BUNDLE_LOADER = "$(TEST_HOST)";
				CODE_SIGN_STYLE = Automatic;
				CURRENT_PROJECT_VERSION = 1;
				DEVELOPMENT_TEAM = N6535K565H;
				GENERATE_INFOPLIST_FILE = YES;
				IPHONEOS_DEPLOYMENT_TARGET = 27.0;
				MARKETING_VERSION = 1.0;
				PRODUCT_BUNDLE_IDENTIFIER = mrizkiandika.my.id.MusicStoreTests;
				PRODUCT_NAME = "$(TARGET_NAME)";
				STRING_CATALOG_GENERATE_SYMBOLS = NO;
				SWIFT_APPROACHABLE_CONCURRENCY = YES;
				SWIFT_EMIT_LOC_STRINGS = NO;
				SWIFT_UPCOMING_FEATURE_MEMBER_IMPORT_VISIBILITY = YES;
				SWIFT_VERSION = 5.0;
				TARGETED_DEVICE_FAMILY = "1,2";
				TEST_HOST = "$(BUILT_PRODUCTS_DIR)/MusicStore.app/$(BUNDLE_EXECUTABLE_FOLDER_PATH)/MusicStore";
			};
			name = Release;
		};
		093B18BE306769B700E1188D /* Debug configuration for PBXNativeTarget "MusicStoreUITests" */ = {
			isa = XCBuildConfiguration;
			buildSettings = {
				CODE_SIGN_STYLE = Automatic;
				CURRENT_PROJECT_VERSION = 1;
				DEVELOPMENT_TEAM = N6535K565H;
				GENERATE_INFOPLIST_FILE = YES;
				MARKETING_VERSION = 1.0;
				PRODUCT_BUNDLE_IDENTIFIER = mrizkiandika.my.id.MusicStoreUITests;
				PRODUCT_NAME = "$(TARGET_NAME)";
				STRING_CATALOG_GENERATE_SYMBOLS = NO;
				SWIFT_APPROACHABLE_CONCURRENCY = YES;
				SWIFT_EMIT_LOC_STRINGS = NO;
				SWIFT_UPCOMING_FEATURE_MEMBER_IMPORT_VISIBILITY = YES;
				SWIFT_VERSION = 5.0;
				TARGETED_DEVICE_FAMILY = "1,2";
				TEST_TARGET_NAME = MusicStore;
			};
			name = Debug;
		};
		093B18BF306769B700E1188D /* Release configuration for PBXNativeTarget "MusicStoreUITests" */ = {
			isa = XCBuildConfiguration;
			buildSettings = {
				CODE_SIGN_STYLE = Automatic;
				CURRENT_PROJECT_VERSION = 1;
				DEVELOPMENT_TEAM = N6535K565H;
				GENERATE_INFOPLIST_FILE = YES;
				MARKETING_VERSION = 1.0;
				PRODUCT_BUNDLE_IDENTIFIER = mrizkiandika.my.id.MusicStoreUITests;
				PRODUCT_NAME = "$(TARGET_NAME)";
				STRING_CATALOG_GENERATE_SYMBOLS = NO;
				SWIFT_APPROACHABLE_CONCURRENCY = YES;
				SWIFT_EMIT_LOC_STRINGS = NO;
				SWIFT_UPCOMING_FEATURE_MEMBER_IMPORT_VISIBILITY = YES;
				SWIFT_VERSION = 5.0;
				TARGETED_DEVICE_FAMILY = "1,2";
				TEST_TARGET_NAME = MusicStore;
			};
			name = Release;
		};
/* End XCBuildConfiguration section */

/* Begin XCConfigurationList section */
		093B1893306769B600E1188D /* Build configuration list for PBXProject "MusicStore" */ = {
			isa = XCConfigurationList;
			buildConfigurations = (
				093B18B5306769B700E1188D /* Debug configuration for PBXProject "MusicStore" */,
				093B18B6306769B700E1188D /* Release configuration for PBXProject "MusicStore" */,
			);
			defaultConfigurationName = Release;
		};
		093B18B7306769B700E1188D /* Build configuration list for PBXNativeTarget "MusicStore" */ = {
			isa = XCConfigurationList;
			buildConfigurations = (
				093B18B8306769B700E1188D /* Debug configuration for PBXNativeTarget "MusicStore" */,
				093B18B9306769B700E1188D /* Release configuration for PBXNativeTarget "MusicStore" */,
			);
			defaultConfigurationName = Release;
		};
		093B18BA306769B700E1188D /* Build configuration list for PBXNativeTarget "MusicStoreTests" */ = {
			isa = XCConfigurationList;
			buildConfigurations = (
				093B18BB306769B700E1188D /* Debug configuration for PBXNativeTarget "MusicStoreTests" */,
				093B18BC306769B700E1188D /* Release configuration for PBXNativeTarget "MusicStoreTests" */,
			);
			defaultConfigurationName = Release;
		};
		093B18BD306769B700E1188D /* Build configuration list for PBXNativeTarget "MusicStoreUITests" */ = {
			isa = XCConfigurationList;
			buildConfigurations = (
				093B18BE306769B700E1188D /* Debug configuration for PBXNativeTarget "MusicStoreUITests" */,
				093B18BF306769B700E1188D /* Release configuration for PBXNativeTarget "MusicStoreUITests" */,
			);
			defaultConfigurationName = Release;
		};
/* End XCConfigurationList section */
	};
	rootObject = 093B1890306769B600E1188D /* Project object */;
	validationLevel = 1;
}
